
Microsoft Visual Studio Solution File, Format Version 12.00
# Visual Studio Version 16
VisualStudioVersion = 16.0.31005.135
MinimumVisualStudioVersion = 10.0.40219.1
Project("{FAE04EC0-301F-11D3-BF4B-00C04F79EFBC}") = "recursive fibonacci", "recursive fibonacci\recursive fibonacci.csproj", "{C1F75785-01D7-40C4-960F-2B2DC128E01E}"
EndProject
Global
	GlobalSection(SolutionConfigurationPlatforms) = preSolution
		Debug|Any CPU = Debug|Any CPU
		Release|Any CPU = Release|Any CPU
	EndGlobalSection
	GlobalSection(ProjectConfigurationPlatforms) = postSolution
		{C1F75785-01D7-40C4-960F-2B2DC128E01E}.Debug|Any CPU.ActiveCfg = Debug|Any CPU
		{C1F75785-01D7-40C4-960F-2B2DC128E01E}.Debug|Any CPU.Build.0 = Debug|Any CPU
		{C1F75785-01D7-40C4-960F-2B2DC128E01E}.Release|Any CPU.ActiveCfg = Release|Any CPU
		{C1F75785-01D7-40C4-960F-2B2DC128E01E}.Release|Any CPU.Build.0 = Release|Any CPU
	EndGlobalSection
	GlobalSection(SolutionProperties) = preSolution
		HideSolutionNode = FALSE
	EndGlobalSection
	GlobalSection(ExtensibilityGlobals) = postSolution
		SolutionGuid = {D9E181FB-AA4C-4A01-A07C-3A90B013C7ED}
	EndGlobalSection
EndGlobal
